#
# This file is autogenerated by pip-compile with Python 3.13
# by the following command:
#
#    pip-compile --output-file=requirements.lock requirements.txt
#
altgraph==0.17.4
    # via
    #   macholib
    #   pyinstaller
annotated-types==0.7.0
    # via
    #   -r requirements.txt
    #   pydantic
anyio==4.7.0
    # via
    #   -r requirements.txt
    #   starlette
apscheduler==3.11.0
    # via -r requirements.txt
bcrypt==4.2.1
    # via -r requirements.txt
black==24.10.0
    # via -r requirements.txt
certifi==2024.8.30
    # via -r requirements.txt
cffi==1.17.1
    # via
    #   -r requirements.txt
    #   cryptography
click==8.1.7
    # via
    #   black
    #   uvicorn
cryptography==44.0.0
    # via -r requirements.txt
dnspython==2.7.0
    # via email-validator
ecdsa==0.19.0
    # via -r requirements.txt
email-validator==2.2.0
    # via -r requirements.txt
fastapi==0.115.6
    # via -r requirements.txt
fonttools==4.55.3
    # via toga-cocoa
h11==0.14.0
    # via uvicorn
idna==3.10
    # via
    #   anyio
    #   email-validator
macholib==1.16.3
    # via pyinstaller
mypy-extensions==1.0.0
    # via black
packaging==24.2
    # via
    #   black
    #   pyinstaller
    #   pyinstaller-hooks-contrib
passlib==1.7.4
    # via -r requirements.txt
pathspec==0.12.1
    # via black
pillow==11.0.0
    # via -r requirements.txt
platformdirs==4.3.6
    # via black
psycopg2-binary==2.9.10
    # via -r requirements.txt
pyasn1==0.6.1
    # via
    #   -r requirements.txt
    #   rsa
pycparser==2.22
    # via cffi
pydantic==2.10.3
    # via
    #   -r requirements.txt
    #   fastapi
    #   pydantic-settings
pydantic-core==2.27.1
    # via pydantic
pydantic-settings==2.7.0
    # via -r requirements.txt
pyinstaller==6.11.1
    # via -r requirements.txt
pyinstaller-hooks-contrib==2024.10
    # via pyinstaller
pyqt5==5.15.11
    # via -r requirements.txt
pyqt5-qt5==5.15.15
    # via pyqt5
pyqt5-sip==12.16.1
    # via pyqt5
python-dotenv==1.0.1
    # via
    #   -r requirements.txt
    #   pydantic-settings
rsa==4.9
    # via -r requirements.txt
rubicon-objc==0.4.9
    # via toga-cocoa
ruff==0.8.3
    # via -r requirements.txt
six==1.17.0
    # via ecdsa
sniffio==1.3.1
    # via anyio
sqlalchemy==2.0.36
    # via -r requirements.txt
starlette==0.41.3
    # via fastapi
toga==0.4.8
    # via -r requirements.txt
toga-cocoa==0.4.8
    # via toga
toga-core==0.4.8
    # via toga-cocoa
travertino==0.3.0
    # via toga-core
typing-extensions==4.12.2
    # via
    #   fastapi
    #   pydantic
    #   pydantic-core
    #   sqlalchemy
tzlocal==5.2
    # via apscheduler
uvicorn==0.33.0
    # via -r requirements.txt

# The following packages are considered to be unsafe in a requirements file:
# setuptools
